{
  "name": "teste-programador-java-pleno",
  "lockfileVersion": 2,
  "requires": true,
  "packages": {
    "": {
      "dependencies": {
        "accounting-js": "^1.1.1",
        "v-money": "^0.8.1",
        "vue-masked-input": "^0.5.2"
      }
    },
    "node_modules/@babel/parser": {
      "version": "7.21.3",
      "resolved": "https://registry.npmjs.org/@babel/parser/-/parser-7.21.3.tgz",
      "integrity": "sha512-lobG0d7aOfQRXh8AyklEAgZGvA4FShxo6xQbUrrT/cNBPUdIDojlokwJsQyCC/eKia7ifqM0yP+2DRZ4WKw2RQ==",
      "bin": {
        "parser": "bin/babel-parser.js"
      },
      "engines": {
        "node": ">=6.0.0"
      }
    },
    "node_modules/@vue/compiler-sfc": {
      "version": "2.7.14",
      "resolved": "https://registry.npmjs.org/@vue/compiler-sfc/-/compiler-sfc-2.7.14.tgz",
      "integrity": "sha512-aNmNHyLPsw+sVvlQFQ2/8sjNuLtK54TC6cuKnVzAY93ks4ZBrvwQSnkkIh7bsbNhum5hJBS00wSDipQ937f5DA==",
      "dependencies": {
        "@babel/parser": "^7.18.4",
        "postcss": "^8.4.14",
        "source-map": "^0.6.1"
      }
    },
    "node_modules/accounting-js": {
      "version": "1.1.1",
      "resolved": "https://registry.npmjs.org/accounting-js/-/accounting-js-1.1.1.tgz",
      "integrity": "sha512-y7mSSvP1ZsOgeUPnGxhQaTIEpVYzLB8N+yqFjDICe/xiNq/kIgGZ6tfqwi2qPFqf0e2BnSsqiKt4IuzhRjpG8A==",
      "dependencies": {
        "is-string": "^1.0.4",
        "object-assign": "^4.0.1"
      }
    },
    "node_modules/csstype": {
      "version": "3.1.1",
      "resolved": "https://registry.npmjs.org/csstype/-/csstype-3.1.1.tgz",
      "integrity": "sha512-DJR/VvkAvSZW9bTouZue2sSxDwdTN92uHjqeKVm+0dAqdfNykRzQ95tay8aXMBAAPpUiq4Qcug2L7neoRh2Egw=="
    },
    "node_modules/has-symbols": {
      "version": "1.0.3",
      "resolved": "https://registry.npmjs.org/has-symbols/-/has-symbols-1.0.3.tgz",
      "integrity": "sha512-l3LCuF6MgDNwTDKkdYGEihYjt5pRPbEg46rtlmnSPlUbgmB8LOIrKJbYYFBSbnPaJexMKtiPO8hmeRjRz2Td+A==",
      "engines": {
        "node": ">= 0.4"
      },
      "funding": {
        "url": "https://github.com/sponsors/ljharb"
      }
    },
    "node_modules/has-tostringtag": {
      "version": "1.0.0",
      "resolved": "https://registry.npmjs.org/has-tostringtag/-/has-tostringtag-1.0.0.tgz",
      "integrity": "sha512-kFjcSNhnlGV1kyoGk7OXKSawH5JOb/LzUc5w9B02hOTO0dfFRjbHQKvg1d6cf3HbeUmtU9VbbV3qzZ2Teh97WQ==",
      "dependencies": {
        "has-symbols": "^1.0.2"
      },
      "engines": {
        "node": ">= 0.4"
      },
      "funding": {
        "url": "https://github.com/sponsors/ljharb"
      }
    },
    "node_modules/inputmask-core": {
      "version": "2.2.0",
      "resolved": "https://registry.npmjs.org/inputmask-core/-/inputmask-core-2.2.0.tgz",
      "integrity": "sha512-CAYFk/wqjfa8c3uexOOQymDaRFK1TUpiNfLyXgiVYbY00G5lvAAngs+h1l/fHOC1oQ6S4gMI2JC0WKwzY94qJg=="
    },
    "node_modules/is-string": {
      "version": "1.0.7",
      "resolved": "https://registry.npmjs.org/is-string/-/is-string-1.0.7.tgz",
      "integrity": "sha512-tE2UXzivje6ofPW7l23cjDOMa09gb7xlAqG6jG5ej6uPV32TlWP3NKPigtaGeHNu9fohccRYvIiZMfOOnOYUtg==",
      "dependencies": {
        "has-tostringtag": "^1.0.0"
      },
      "engines": {
        "node": ">= 0.4"
      },
      "funding": {
        "url": "https://github.com/sponsors/ljharb"
      }
    },
    "node_modules/nanoid": {
      "version": "3.3.4",
      "resolved": "https://registry.npmjs.org/nanoid/-/nanoid-3.3.4.tgz",
      "integrity": "sha512-MqBkQh/OHTS2egovRtLk45wEyNXwF+cokD+1YPf9u5VfJiRdAiRwB2froX5Co9Rh20xs4siNPm8naNotSD6RBw==",
      "bin": {
        "nanoid": "bin/nanoid.cjs"
      },
      "engines": {
        "node": "^10 || ^12 || ^13.7 || ^14 || >=15.0.1"
      }
    },
    "node_modules/object-assign": {
      "version": "4.1.1",
      "resolved": "https://registry.npmjs.org/object-assign/-/object-assign-4.1.1.tgz",
      "integrity": "sha512-rJgTQnkUnH1sFw8yT6VSU3zD3sWmu6sZhIseY8VX+GRu3P6F7Fu+JNDoXfklElbLJSnc3FUQHVe4cU5hj+BcUg==",
      "engines": {
        "node": ">=0.10.0"
      }
    },
    "node_modules/picocolors": {
      "version": "1.0.0",
      "resolved": "https://registry.npmjs.org/picocolors/-/picocolors-1.0.0.tgz",
      "integrity": "sha512-1fygroTLlHu66zi26VoTDv8yRgm0Fccecssto+MhsZ0D/DGW2sm8E8AjW7NU5VVTRt5GxbeZ5qBuJr+HyLYkjQ=="
    },
    "node_modules/postcss": {
      "version": "8.4.21",
      "resolved": "https://registry.npmjs.org/postcss/-/postcss-8.4.21.tgz",
      "integrity": "sha512-tP7u/Sn/dVxK2NnruI4H9BG+x+Wxz6oeZ1cJ8P6G/PZY0IKk4k/63TDsQf2kQq3+qoJeLm2kIBUNlZe3zgb4Zg==",
      "funding": [
        {
          "type": "opencollective",
          "url": "https://opencollective.com/postcss/"
        },
        {
          "type": "tidelift",
          "url": "https://tidelift.com/funding/github/npm/postcss"
        }
      ],
      "dependencies": {
        "nanoid": "^3.3.4",
        "picocolors": "^1.0.0",
        "source-map-js": "^1.0.2"
      },
      "engines": {
        "node": "^10 || ^12 || >=14"
      }
    },
    "node_modules/source-map": {
      "version": "0.6.1",
      "resolved": "https://registry.npmjs.org/source-map/-/source-map-0.6.1.tgz",
      "integrity": "sha512-UjgapumWlbMhkBgzT7Ykc5YXUT46F0iKu8SGXq0bcwP5dz/h0Plj6enJqjz1Zbq2l5WaqYnrVbwWOWMyF3F47g==",
      "engines": {
        "node": ">=0.10.0"
      }
    },
    "node_modules/source-map-js": {
      "version": "1.0.2",
      "resolved": "https://registry.npmjs.org/source-map-js/-/source-map-js-1.0.2.tgz",
      "integrity": "sha512-R0XvVJ9WusLiqTCEiGCmICCMplcCkIwwR11mOSD9CR5u+IXYdiseeEuXCVAjS54zqwkLcPNnmU4OeJ6tUrWhDw==",
      "engines": {
        "node": ">=0.10.0"
      }
    },
    "node_modules/v-money": {
      "version": "0.8.1",
      "resolved": "https://registry.npmjs.org/v-money/-/v-money-0.8.1.tgz",
      "integrity": "sha512-raz87AP5F2YEpv1GAocI3SC/y9af1+TQeZQIhAK5UNovho6dnh6RQBa5UG8ZNC+BPLpUh5VECi7EWTjr4+4s1g=="
    },
    "node_modules/vue": {
      "version": "2.7.14",
      "resolved": "https://registry.npmjs.org/vue/-/vue-2.7.14.tgz",
      "integrity": "sha512-b2qkFyOM0kwqWFuQmgd4o+uHGU7T+2z3T+WQp8UBjADfEv2n4FEMffzBmCKNP0IGzOEEfYjvtcC62xaSKeQDrQ==",
      "dependencies": {
        "@vue/compiler-sfc": "2.7.14",
        "csstype": "^3.1.0"
      }
    },
    "node_modules/vue-masked-input": {
      "version": "0.5.2",
      "resolved": "https://registry.npmjs.org/vue-masked-input/-/vue-masked-input-0.5.2.tgz",
      "integrity": "sha512-aIqxyJw7/VFsoCyfS3RRIzWyHsU6sadYzlGqjE943VCeK9DABPDSCTdDoDH0P1TyZ/iSi3p4uGah/aMfFiiWwg==",
      "dependencies": {
        "inputmask-core": "^2.2.0",
        "vue": "^2.2.6"
      }
    }
  },
  "dependencies": {
    "@babel/parser": {
      "version": "7.21.3",
      "resolved": "https://registry.npmjs.org/@babel/parser/-/parser-7.21.3.tgz",
      "integrity": "sha512-lobG0d7aOfQRXh8AyklEAgZGvA4FShxo6xQbUrrT/cNBPUdIDojlokwJsQyCC/eKia7ifqM0yP+2DRZ4WKw2RQ=="
    },
    "@vue/compiler-sfc": {
      "version": "2.7.14",
      "resolved": "https://registry.npmjs.org/@vue/compiler-sfc/-/compiler-sfc-2.7.14.tgz",
      "integrity": "sha512-aNmNHyLPsw+sVvlQFQ2/8sjNuLtK54TC6cuKnVzAY93ks4ZBrvwQSnkkIh7bsbNhum5hJBS00wSDipQ937f5DA==",
      "requires": {
        "@babel/parser": "^7.18.4",
        "postcss": "^8.4.14",
        "source-map": "^0.6.1"
      }
    },
    "accounting-js": {
      "version": "1.1.1",
      "resolved": "https://registry.npmjs.org/accounting-js/-/accounting-js-1.1.1.tgz",
      "integrity": "sha512-y7mSSvP1ZsOgeUPnGxhQaTIEpVYzLB8N+yqFjDICe/xiNq/kIgGZ6tfqwi2qPFqf0e2BnSsqiKt4IuzhRjpG8A==",
      "requires": {
        "is-string": "^1.0.4",
        "object-assign": "^4.0.1"
      }
    },
    "csstype": {
      "version": "3.1.1",
      "resolved": "https://registry.npmjs.org/csstype/-/csstype-3.1.1.tgz",
      "integrity": "sha512-DJR/VvkAvSZW9bTouZue2sSxDwdTN92uHjqeKVm+0dAqdfNykRzQ95tay8aXMBAAPpUiq4Qcug2L7neoRh2Egw=="
    },
    "has-symbols": {
      "version": "1.0.3",
      "resolved": "https://registry.npmjs.org/has-symbols/-/has-symbols-1.0.3.tgz",
      "integrity": "sha512-l3LCuF6MgDNwTDKkdYGEihYjt5pRPbEg46rtlmnSPlUbgmB8LOIrKJbYYFBSbnPaJexMKtiPO8hmeRjRz2Td+A=="
    },
    "has-tostringtag": {
      "version": "1.0.0",
      "resolved": "https://registry.npmjs.org/has-tostringtag/-/has-tostringtag-1.0.0.tgz",
      "integrity": "sha512-kFjcSNhnlGV1kyoGk7OXKSawH5JOb/LzUc5w9B02hOTO0dfFRjbHQKvg1d6cf3HbeUmtU9VbbV3qzZ2Teh97WQ==",
      "requires": {
        "has-symbols": "^1.0.2"
      }
    },
    "inputmask-core": {
      "version": "2.2.0",
      "resolved": "https://registry.npmjs.org/inputmask-core/-/inputmask-core-2.2.0.tgz",
      "integrity": "sha512-CAYFk/wqjfa8c3uexOOQymDaRFK1TUpiNfLyXgiVYbY00G5lvAAngs+h1l/fHOC1oQ6S4gMI2JC0WKwzY94qJg=="
    },
    "is-string": {
      "version": "1.0.7",
      "resolved": "https://registry.npmjs.org/is-string/-/is-string-1.0.7.tgz",
      "integrity": "sha512-tE2UXzivje6ofPW7l23cjDOMa09gb7xlAqG6jG5ej6uPV32TlWP3NKPigtaGeHNu9fohccRYvIiZMfOOnOYUtg==",
      "requires": {
        "has-tostringtag": "^1.0.0"
      }
    },
    "nanoid": {
      "version": "3.3.4",
      "resolved": "https://registry.npmjs.org/nanoid/-/nanoid-3.3.4.tgz",
      "integrity": "sha512-MqBkQh/OHTS2egovRtLk45wEyNXwF+cokD+1YPf9u5VfJiRdAiRwB2froX5Co9Rh20xs4siNPm8naNotSD6RBw=="
    },
    "object-assign": {
      "version": "4.1.1",
      "resolved": "https://registry.npmjs.org/object-assign/-/object-assign-4.1.1.tgz",
      "integrity": "sha512-rJgTQnkUnH1sFw8yT6VSU3zD3sWmu6sZhIseY8VX+GRu3P6F7Fu+JNDoXfklElbLJSnc3FUQHVe4cU5hj+BcUg=="
    },
    "picocolors": {
      "version": "1.0.0",
      "resolved": "https://registry.npmjs.org/picocolors/-/picocolors-1.0.0.tgz",
      "integrity": "sha512-1fygroTLlHu66zi26VoTDv8yRgm0Fccecssto+MhsZ0D/DGW2sm8E8AjW7NU5VVTRt5GxbeZ5qBuJr+HyLYkjQ=="
    },
    "postcss": {
      "version": "8.4.21",
      "resolved": "https://registry.npmjs.org/postcss/-/postcss-8.4.21.tgz",
      "integrity": "sha512-tP7u/Sn/dVxK2NnruI4H9BG+x+Wxz6oeZ1cJ8P6G/PZY0IKk4k/63TDsQf2kQq3+qoJeLm2kIBUNlZe3zgb4Zg==",
      "requires": {
        "nanoid": "^3.3.4",
        "picocolors": "^1.0.0",
        "source-map-js": "^1.0.2"
      }
    },
    "source-map": {
      "version": "0.6.1",
      "resolved": "https://registry.npmjs.org/source-map/-/source-map-0.6.1.tgz",
      "integrity": "sha512-UjgapumWlbMhkBgzT7Ykc5YXUT46F0iKu8SGXq0bcwP5dz/h0Plj6enJqjz1Zbq2l5WaqYnrVbwWOWMyF3F47g=="
    },
    "source-map-js": {
      "version": "1.0.2",
      "resolved": "https://registry.npmjs.org/source-map-js/-/source-map-js-1.0.2.tgz",
      "integrity": "sha512-R0XvVJ9WusLiqTCEiGCmICCMplcCkIwwR11mOSD9CR5u+IXYdiseeEuXCVAjS54zqwkLcPNnmU4OeJ6tUrWhDw=="
    },
    "v-money": {
      "version": "0.8.1",
      "resolved": "https://registry.npmjs.org/v-money/-/v-money-0.8.1.tgz",
      "integrity": "sha512-raz87AP5F2YEpv1GAocI3SC/y9af1+TQeZQIhAK5UNovho6dnh6RQBa5UG8ZNC+BPLpUh5VECi7EWTjr4+4s1g=="
    },
    "vue": {
      "version": "2.7.14",
      "resolved": "https://registry.npmjs.org/vue/-/vue-2.7.14.tgz",
      "integrity": "sha512-b2qkFyOM0kwqWFuQmgd4o+uHGU7T+2z3T+WQp8UBjADfEv2n4FEMffzBmCKNP0IGzOEEfYjvtcC62xaSKeQDrQ==",
      "requires": {
        "@vue/compiler-sfc": "2.7.14",
        "csstype": "^3.1.0"
      }
    },
    "vue-masked-input": {
      "version": "0.5.2",
      "resolved": "https://registry.npmjs.org/vue-masked-input/-/vue-masked-input-0.5.2.tgz",
      "integrity": "sha512-aIqxyJw7/VFsoCyfS3RRIzWyHsU6sadYzlGqjE943VCeK9DABPDSCTdDoDH0P1TyZ/iSi3p4uGah/aMfFiiWwg==",
      "requires": {
        "inputmask-core": "^2.2.0",
        "vue": "^2.2.6"
      }
    }
  }
}
